
Microsoft Visual Studio Solution File, Format Version 12.00
# Visual Studio Version 17
VisualStudioVersion = 17.6.33723.286
MinimumVisualStudioVersion = 10.0.40219.1
Project("{FAE04EC0-301F-11D3-BF4B-00C04F79EFBC}") = "Pub", "Pub\Pub.csproj", "{44FF4C4C-92FD-411B-A755-6D7081C3F9A1}"
EndProject
Global
	GlobalSection(SolutionConfigurationPlatforms) = preSolution
		Debug|Any CPU = Debug|Any CPU
		Release|Any CPU = Release|Any CPU
	EndGlobalSection
	GlobalSection(ProjectConfigurationPlatforms) = postSolution
		{44FF4C4C-92FD-411B-A755-6D7081C3F9A1}.Debug|Any CPU.ActiveCfg = Debug|Any CPU
		{44FF4C4C-92FD-411B-A755-6D7081C3F9A1}.Debug|Any CPU.Build.0 = Debug|Any CPU
		{44FF4C4C-92FD-411B-A755-6D7081C3F9A1}.Release|Any CPU.ActiveCfg = Release|Any CPU
		{44FF4C4C-92FD-411B-A755-6D7081C3F9A1}.Release|Any CPU.Build.0 = Release|Any CPU
	EndGlobalSection
	GlobalSection(SolutionProperties) = preSolution
		HideSolutionNode = FALSE
	EndGlobalSection
	GlobalSection(ExtensibilityGlobals) = postSolution
		SolutionGuid = {0E63F778-B7B6-4DB6-A387-36222C4E03EE}
	EndGlobalSection
EndGlobal
